# This file is automatically @generated by Cargo.
# It is not intended for manual editing.
[[package]]
name = "adler32"
version = "1.0.4"
source = "registry+https://github.com/rust-lang/crates.io-index"
checksum = "5d2e7343e7fc9de883d1b0341e0b13970f764c14101234857d2ddafa1cb1cac2"

[[package]]
name = "aes-ctr"
version = "0.3.0"
source = "registry+https://github.com/rust-lang/crates.io-index"
checksum = "d2e5b0458ea3beae0d1d8c0f3946564f8e10f90646cf78c06b4351052058d1ee"
dependencies = [
 "aes-soft",
 "aesni",
 "ctr",
 "stream-cipher",
]

[[package]]
name = "aes-soft"
version = "0.3.3"
source = "registry+https://github.com/rust-lang/crates.io-index"
checksum = "cfd7e7ae3f9a1fb5c03b389fc6bb9a51400d0c13053f0dca698c832bfd893a0d"
dependencies = [
 "block-cipher-trait",
 "byteorder 1.3.2",
 "opaque-debug",
]

[[package]]
name = "aesni"
version = "0.6.0"
source = "registry+https://github.com/rust-lang/crates.io-index"
checksum = "2f70a6b5f971e473091ab7cfb5ffac6cde81666c4556751d8d5620ead8abf100"
dependencies = [
 "block-cipher-trait",
 "opaque-debug",
 "stream-cipher",
]

[[package]]
name = "aho-corasick"
version = "0.7.6"
source = "registry+https://github.com/rust-lang/crates.io-index"
checksum = "58fb5e95d83b38284460a5fda7d6470aa0b8844d283a0b614b8535e880800d2d"
dependencies = [
 "memchr",
]

[[package]]
name = "arrayref"
version = "0.3.5"
source = "registry+https://github.com/rust-lang/crates.io-index"
checksum = "0d382e583f07208808f6b1249e60848879ba3543f57c32277bf52d69c2f0f0ee"

[[package]]
name = "autocfg"
version = "0.1.5"
source = "registry+https://github.com/rust-lang/crates.io-index"
checksum = "22130e92352b948e7e82a49cdb0aa94f2211761117f29e052dd397c1ac33542b"

[[package]]
name = "backtrace"
version = "0.3.34"
source = "registry+https://github.com/rust-lang/crates.io-index"
checksum = "b5164d292487f037ece34ec0de2fcede2faa162f085dd96d2385ab81b12765ba"
dependencies = [
 "backtrace-sys",
 "cfg-if",
 "libc",
 "rustc-demangle",
]

[[package]]
name = "backtrace-sys"
version = "0.1.31"
source = "registry+https://github.com/rust-lang/crates.io-index"
checksum = "82a830b4ef2d1124a711c71d263c5abdc710ef8e907bd508c88be475cebc422b"
dependencies = [
 "cc",
 "libc",
]

[[package]]
name = "base64"
version = "0.10.1"
source = "registry+https://github.com/rust-lang/crates.io-index"
checksum = "0b25d992356d2eb0ed82172f5248873db5560c4721f564b13cb5193bda5e668e"
dependencies = [
 "byteorder 1.3.2",
]

[[package]]
name = "bincode"
version = "1.1.4"
source = "registry+https://github.com/rust-lang/crates.io-index"
checksum = "9f04a5e50dc80b3d5d35320889053637d15011aed5e66b66b37ae798c65da6f7"
dependencies = [
 "autocfg",
 "byteorder 1.3.2",
 "serde",
]

[[package]]
name = "bitflags"
version = "1.1.0"
source = "registry+https://github.com/rust-lang/crates.io-index"
checksum = "3d155346769a6855b86399e9bc3814ab343cd3d62c7e985113d46a0ec3c281fd"

[[package]]
name = "blake2"
version = "0.8.0"
source = "registry+https://github.com/rust-lang/crates.io-index"
checksum = "91721a6330935673395a0607df4d49a9cb90ae12d259f1b3e0a3f6e1d486872e"
dependencies = [
 "byte-tools",
 "crypto-mac",
 "digest",
 "opaque-debug",
]

[[package]]
name = "block-buffer"
version = "0.7.3"
source = "registry+https://github.com/rust-lang/crates.io-index"
checksum = "c0940dc441f31689269e10ac70eb1002a3a1d3ad1390e030043662eb7fe4688b"
dependencies = [
 "block-padding",
 "byte-tools",
 "byteorder 1.3.2",
 "generic-array",
]

[[package]]
name = "block-cipher-trait"
version = "0.6.2"
source = "registry+https://github.com/rust-lang/crates.io-index"
checksum = "1c924d49bd09e7c06003acda26cd9742e796e34282ec6c1189404dee0c1f4774"
dependencies = [
 "generic-array",
]

[[package]]
name = "block-padding"
version = "0.1.4"
source = "registry+https://github.com/rust-lang/crates.io-index"
checksum = "6d4dc3af3ee2e12f3e5d224e5e1e3d73668abbeb69e566d361f7d5563a4fdf09"
dependencies = [
 "byte-tools",
]

[[package]]
name = "bn"
version = "0.4.3"
source = "git+ssh://git@github.com/findoraorg/zcash-bn-fork#db76cc72ac35919a4b4ace000a8956a2b22bf971"
dependencies = [
 "byteorder 0.5.3",
 "hex",
 "rand 0.6.5",
 "rand_chacha 0.1.1",
 "serde",
 "serde_derive",
]

[[package]]
name = "bulletproofs"
version = "1.0.4"
source = "git+https://github.com/dalek-cryptography/bulletproofs?branch=develop#f7c6df9c81d84e5a3efa335cfc1e1863b548857a"
dependencies = [
 "byteorder 1.3.2",
 "clear_on_drop",
 "curve25519-dalek",
 "digest",
 "failure",
 "merlin",
 "rand 0.6.5",
 "serde",
 "serde_derive",
 "sha3",
 "subtle 2.1.1",
]

[[package]]
name = "bulletproofs"
version = "1.0.4"
source = "registry+https://github.com/rust-lang/crates.io-index"
checksum = "ae1eae5295ceeea9971c6c974b9e4e47666fc3fde96b4f2e776ccb7367ed40c6"
dependencies = [
 "byteorder 1.3.2",
 "clear_on_drop",
 "curve25519-dalek",
 "digest",
 "failure",
 "merlin",
 "rand 0.6.5",
 "serde",
 "serde_derive",
 "sha3",
 "subtle 2.1.1",
]

[[package]]
name = "byte-tools"
version = "0.3.1"
source = "registry+https://github.com/rust-lang/crates.io-index"
checksum = "e3b5ca7a04898ad4bcd41c90c5285445ff5b791899bb1b0abdd2a2aa791211d7"

[[package]]
name = "byteorder"
version = "0.5.3"
source = "registry+https://github.com/rust-lang/crates.io-index"
checksum = "0fc10e8cc6b2580fda3f36eb6dc5316657f812a3df879a44a66fc9f0fdbc4855"

[[package]]
name = "byteorder"
version = "1.3.2"
source = "registry+https://github.com/rust-lang/crates.io-index"
checksum = "a7c3dd8985a7111efc5c80b44e23ecdd8c007de8ade3b96595387e812b957cf5"

[[package]]
name = "c2-chacha"
version = "0.2.2"
source = "registry+https://github.com/rust-lang/crates.io-index"
checksum = "7d64d04786e0f528460fc884753cf8dddcc466be308f6026f8e355c41a0e4101"
dependencies = [
 "lazy_static",
 "ppv-lite86",
]

[[package]]
name = "cc"
version = "1.0.40"
source = "registry+https://github.com/rust-lang/crates.io-index"
checksum = "b548a4ee81fccb95919d4e22cfea83c7693ebfd78f0495493178db20b3139da7"

[[package]]
name = "cfg-if"
version = "0.1.9"
source = "registry+https://github.com/rust-lang/crates.io-index"
checksum = "b486ce3ccf7ffd79fdeb678eac06a9e6c09fc88d33836340becb8fffe87c5e33"

[[package]]
name = "chrono"
version = "0.4.7"
source = "registry+https://github.com/rust-lang/crates.io-index"
checksum = "77d81f58b7301084de3b958691458a53c3f7e0b1d702f77e550b6a88e3a88abe"
dependencies = [
 "libc",
 "num-integer",
 "num-traits 0.2.8",
 "time",
]

[[package]]
name = "clear_on_drop"
version = "0.2.3"
source = "registry+https://github.com/rust-lang/crates.io-index"
checksum = "97276801e127ffb46b66ce23f35cc96bd454fa311294bced4bbace7baa8b1d17"
dependencies = [
 "cc",
]

[[package]]
name = "cloudabi"
version = "0.0.3"
source = "registry+https://github.com/rust-lang/crates.io-index"
checksum = "ddfc5b9aa5d4507acaf872de71051dfd0e309860e88966e1051e462a077aac4f"
dependencies = [
 "bitflags",
]

[[package]]
name = "crc32fast"
version = "1.2.0"
source = "registry+https://github.com/rust-lang/crates.io-index"
checksum = "ba125de2af0df55319f41944744ad91c71113bf74a4646efff39afe1f6842db1"
dependencies = [
 "cfg-if",
]

[[package]]
name = "crypto-mac"
version = "0.7.0"
source = "registry+https://github.com/rust-lang/crates.io-index"
checksum = "4434400df11d95d556bac068ddfedd482915eb18fe8bea89bc80b6e4b1c179e5"
dependencies = [
 "generic-array",
 "subtle 1.0.0",
]

[[package]]
name = "ctr"
version = "0.3.2"
source = "registry+https://github.com/rust-lang/crates.io-index"
checksum = "022cd691704491df67d25d006fe8eca083098253c4d43516c2206479c58c6736"
dependencies = [
 "block-cipher-trait",
 "stream-cipher",
]

[[package]]
name = "curve25519-dalek"
version = "1.2.3"
source = "registry+https://github.com/rust-lang/crates.io-index"
checksum = "8b7dcd30ba50cdf88b55b033456138b7c0ac4afdc436d82e1b79f370f24cc66d"
dependencies = [
 "byteorder 1.3.2",
 "clear_on_drop",
 "digest",
 "rand_core 0.3.1",
 "serde",
 "subtle 2.1.1",
]

[[package]]
name = "digest"
version = "0.8.1"
source = "registry+https://github.com/rust-lang/crates.io-index"
checksum = "f3d0c8c8752312f9713efd397ff63acb9f85585afbf179282e720e7704954dd5"
dependencies = [
 "generic-array",
]

[[package]]
name = "ed25519-dalek"
version = "0.9.1"
source = "registry+https://github.com/rust-lang/crates.io-index"
checksum = "2d07e8b8a8386c3b89a7a4b329fdfa4cb545de2545e9e2ebbc3dd3929253e426"
dependencies = [
 "clear_on_drop",
 "curve25519-dalek",
 "failure",
 "rand 0.6.5",
]

[[package]]
name = "either"
version = "1.5.2"
source = "registry+https://github.com/rust-lang/crates.io-index"
checksum = "5527cfe0d098f36e3f8839852688e63c8fff1c90b2b405aef730615f9a7bcf7b"

[[package]]
name = "env_logger"
version = "0.6.2"
source = "registry+https://github.com/rust-lang/crates.io-index"
checksum = "aafcde04e90a5226a6443b7aabdb016ba2f8307c847d524724bd9b346dd1a2d3"
dependencies = [
 "log",
 "regex",
]

[[package]]
name = "failure"
version = "0.1.5"
source = "registry+https://github.com/rust-lang/crates.io-index"
checksum = "795bd83d3abeb9220f257e597aa0080a508b27533824adf336529648f6abf7e2"
dependencies = [
 "backtrace",
 "failure_derive",
]

[[package]]
name = "failure_derive"
version = "0.1.5"
source = "registry+https://github.com/rust-lang/crates.io-index"
checksum = "ea1063915fd7ef4309e222a5a07cf9c319fb9c7836b1f89b85458672dbb127e1"
dependencies = [
 "proc-macro2",
 "quote",
 "syn",
 "synstructure",
]

[[package]]
name = "fake-simd"
version = "0.1.2"
source = "registry+https://github.com/rust-lang/crates.io-index"
checksum = "e88a8acf291dafb59c2d96e8f59828f3838bb1a70398823ade51a84de6a6deed"

[[package]]
name = "filetime"
version = "0.2.7"
source = "registry+https://github.com/rust-lang/crates.io-index"
checksum = "6bd7380b54ced79dda72ecc35cc4fbbd1da6bba54afaa37e96fd1c2a308cd469"
dependencies = [
 "cfg-if",
 "libc",
 "redox_syscall",
 "winapi",
]

[[package]]
name = "findora"
version = "0.1.0"
dependencies = [
 "bincode",
 "byteorder 1.3.2",
 "chrono",
 "protobuf",
 "serde",
 "serde_derive",
]

[[package]]
name = "fs2"
version = "0.4.3"
source = "registry+https://github.com/rust-lang/crates.io-index"
checksum = "9564fc758e15025b46aa6643b1b77d047d1a56a1aea6e01002ac0c7026876213"
dependencies = [
 "libc",
 "winapi",
]

[[package]]
name = "fuchsia-cprng"
version = "0.1.1"
source = "registry+https://github.com/rust-lang/crates.io-index"
checksum = "a06f77d526c1a601b7c4cdd98f54b5eaabffc14d5f2f0296febdc7f357c6d3ba"

[[package]]
name = "generic-array"
version = "0.12.3"
source = "registry+https://github.com/rust-lang/crates.io-index"
checksum = "c68f0274ae0e023facc3c97b2e00f076be70e254bc851d972503b328db79b2ec"
dependencies = [
 "typenum",
]

[[package]]
name = "getrandom"
version = "0.1.12"
source = "registry+https://github.com/rust-lang/crates.io-index"
checksum = "473a1265acc8ff1e808cd0a1af8cee3c2ee5200916058a2ca113c29f2d903571"
dependencies = [
 "cfg-if",
 "libc",
 "wasi",
]

[[package]]
name = "hex"
version = "0.3.2"
source = "registry+https://github.com/rust-lang/crates.io-index"
checksum = "805026a5d0141ffc30abb3be3173848ad46a1b1664fe632428479619a3644d77"

[[package]]
name = "itertools"
version = "0.8.0"
source = "registry+https://github.com/rust-lang/crates.io-index"
checksum = "5b8467d9c1cebe26feb08c640139247fac215782d35371ade9a2136ed6085358"
dependencies = [
 "either",
]

[[package]]
name = "itoa"
version = "0.4.4"
source = "registry+https://github.com/rust-lang/crates.io-index"
checksum = "501266b7edd0174f8530248f87f99c88fbe60ca4ef3dd486835b8d8d53136f7f"

[[package]]
name = "keccak"
version = "0.1.0"
source = "registry+https://github.com/rust-lang/crates.io-index"
checksum = "67c21572b4949434e4fc1e1978b99c5f77064153c59d998bf13ecd96fb5ecba7"

[[package]]
name = "lazy_static"
version = "1.4.0"
source = "registry+https://github.com/rust-lang/crates.io-index"
checksum = "e2abad23fbc42b3700f2f279844dc832adb2b2eb069b2df918f455c4e18cc646"

[[package]]
name = "ledger"
version = "0.1.0"
dependencies = [
 "arrayref",
 "base64",
 "bincode",
 "blake2",
 "bulletproofs 1.0.4 (registry+https://github.com/rust-lang/crates.io-index)",
 "byteorder 1.3.2",
 "chrono",
 "curve25519-dalek",
 "ed25519-dalek",
 "findora",
 "fs2",
 "itertools",
 "rand 0.6.5",
 "rand_chacha 0.1.1",
 "schnorr",
 "serde",
 "serde_derive",
 "serde_json",
 "sha2",
 "sodiumoxide",
 "tempdir",
 "tempfile",
 "time",
 "zei",
]

[[package]]
name = "libc"
version = "0.2.64"
source = "registry+https://github.com/rust-lang/crates.io-index"
checksum = "74dfca3d9957906e8d1e6a0b641dc9a59848e793f1da2165889fd4f62d10d79c"

[[package]]
name = "libflate"
version = "0.1.27"
source = "registry+https://github.com/rust-lang/crates.io-index"
checksum = "d9135df43b1f5d0e333385cb6e7897ecd1a43d7d11b91ac003f4d2c2d2401fdd"
dependencies = [
 "adler32",
 "crc32fast",
 "rle-decode-fast",
 "take_mut",
]

[[package]]
name = "libsodium-sys"
version = "0.2.4"
source = "registry+https://github.com/rust-lang/crates.io-index"
checksum = "adecedd56966d117ef65b2d03aab14f1b56da9c8054a8e09bee5201c9937867e"
dependencies = [
 "cc",
 "libc",
 "libflate",
 "pkg-config",
 "tar",
 "vcpkg",
]

[[package]]
name = "linear-map"
version = "1.2.0"
source = "registry+https://github.com/rust-lang/crates.io-index"
checksum = "bfae20f6b19ad527b550c223fddc3077a547fc70cda94b9b566575423fd303ee"

[[package]]
name = "log"
version = "0.4.8"
source = "registry+https://github.com/rust-lang/crates.io-index"
checksum = "14b6052be84e6b71ab17edffc2eeabf5c2c3ae1fdb464aae35ac50c67a44e1f7"
dependencies = [
 "cfg-if",
]

[[package]]
name = "memchr"
version = "2.2.1"
source = "registry+https://github.com/rust-lang/crates.io-index"
checksum = "88579771288728879b57485cc7d6b07d648c9f0141eb955f8ab7f9d45394468e"

[[package]]
name = "merlin"
version = "1.2.0"
source = "registry+https://github.com/rust-lang/crates.io-index"
checksum = "66448a173ad394ef5ebf734efa724f3644dcffda083b1e89979da4461ddac079"
dependencies = [
 "byteorder 1.3.2",
 "clear_on_drop",
 "keccak",
 "rand_core 0.4.2",
]

[[package]]
name = "num-bigint"
version = "0.2.2"
source = "registry+https://github.com/rust-lang/crates.io-index"
checksum = "57450397855d951f1a41305e54851b1a7b8f5d2e349543a02a2effe25459f718"
dependencies = [
 "num-integer",
 "num-traits 0.2.8",
]

[[package]]
name = "num-integer"
version = "0.1.41"
source = "registry+https://github.com/rust-lang/crates.io-index"
checksum = "b85e541ef8255f6cf42bbfe4ef361305c6c135d10919ecc26126c4e5ae94bc09"
dependencies = [
 "autocfg",
 "num-traits 0.2.8",
]

[[package]]
name = "num-traits"
version = "0.1.43"
source = "registry+https://github.com/rust-lang/crates.io-index"
checksum = "92e5113e9fd4cc14ded8e499429f396a20f98c772a47cc8622a736e1ec843c31"
dependencies = [
 "num-traits 0.2.8",
]

[[package]]
name = "num-traits"
version = "0.2.8"
source = "registry+https://github.com/rust-lang/crates.io-index"
checksum = "6ba9a427cfca2be13aa6f6403b0b7e7368fe982bfa16fccc450ce74c46cd9b32"
dependencies = [
 "autocfg",
]

[[package]]
name = "opaque-debug"
version = "0.2.3"
source = "registry+https://github.com/rust-lang/crates.io-index"
checksum = "2839e79665f131bdb5782e51f2c6c9599c133c6098982a54c794358bf432529c"

[[package]]
name = "pairing"
version = "0.14.2"
source = "registry+https://github.com/rust-lang/crates.io-index"
checksum = "ceda21136251c6d5a422d3d798d8ac22515a6e8d3521bb60c59a8349d36d0d57"
dependencies = [
 "byteorder 1.3.2",
 "rand 0.4.6",
]

[[package]]
name = "pkg-config"
version = "0.3.16"
source = "registry+https://github.com/rust-lang/crates.io-index"
checksum = "72d5370d90f49f70bd033c3d75e87fc529fbfff9d6f7cccef07d6170079d91ea"

[[package]]
name = "ppv-lite86"
version = "0.2.5"
source = "registry+https://github.com/rust-lang/crates.io-index"
checksum = "e3cbf9f658cdb5000fcf6f362b8ea2ba154b9f146a61c7a20d647034c6b6561b"

[[package]]
name = "proc-macro2"
version = "0.4.30"
source = "registry+https://github.com/rust-lang/crates.io-index"
checksum = "cf3d2011ab5c909338f7887f4fc896d35932e29146c12c8d01da6b22a80ba759"
dependencies = [
 "unicode-xid",
]

[[package]]
name = "protobuf"
version = "1.7.5"
source = "registry+https://github.com/rust-lang/crates.io-index"
checksum = "e14ccd6b79ec748412d4f2dfde1a80fa363a67def4062969f8aed3d790a30f28"

[[package]]
name = "quickcheck"
version = "0.8.5"
source = "registry+https://github.com/rust-lang/crates.io-index"
checksum = "9c35d9c36a562f37eca96e79f66d5fd56eefbc22560dacc4a864cabd2d277456"
dependencies = [
 "env_logger",
 "log",
 "rand 0.6.5",
 "rand_core 0.4.2",
]

[[package]]
name = "quickcheck_macros"
version = "0.8.0"
source = "registry+https://github.com/rust-lang/crates.io-index"
checksum = "d7dfc1c4a1e048f5cc7d36a4c4118dfcf31d217c79f4b9a61bad65d68185752c"
dependencies = [
 "proc-macro2",
 "quote",
 "syn",
]

[[package]]
name = "quote"
version = "0.6.13"
source = "registry+https://github.com/rust-lang/crates.io-index"
checksum = "6ce23b6b870e8f94f81fb0a363d65d86675884b34a09043c81e5562f11c1f8e1"
dependencies = [
 "proc-macro2",
]

[[package]]
name = "rand"
version = "0.4.6"
source = "registry+https://github.com/rust-lang/crates.io-index"
checksum = "552840b97013b1a26992c11eac34bdd778e464601a4c2054b5f0bff7c6761293"
dependencies = [
 "fuchsia-cprng",
 "libc",
 "rand_core 0.3.1",
 "rdrand",
 "winapi",
]

[[package]]
name = "rand"
version = "0.6.5"
source = "registry+https://github.com/rust-lang/crates.io-index"
checksum = "6d71dacdc3c88c1fde3885a3be3fbab9f35724e6ce99467f7d9c5026132184ca"
dependencies = [
 "autocfg",
 "libc",
 "rand_chacha 0.1.1",
 "rand_core 0.4.2",
 "rand_hc 0.1.0",
 "rand_isaac",
 "rand_jitter",
 "rand_os",
 "rand_pcg",
 "rand_xorshift",
 "winapi",
]

[[package]]
name = "rand"
version = "0.7.2"
source = "registry+https://github.com/rust-lang/crates.io-index"
checksum = "3ae1b169243eaf61759b8475a998f0a385e42042370f3a7dbaf35246eacc8412"
dependencies = [
 "getrandom",
 "libc",
 "rand_chacha 0.2.1",
 "rand_core 0.5.1",
 "rand_hc 0.2.0",
]

[[package]]
name = "rand_chacha"
version = "0.1.1"
source = "registry+https://github.com/rust-lang/crates.io-index"
checksum = "556d3a1ca6600bfcbab7c7c91ccb085ac7fbbcd70e008a98742e7847f4f7bcef"
dependencies = [
 "autocfg",
 "rand_core 0.3.1",
]

[[package]]
name = "rand_chacha"
version = "0.2.1"
source = "registry+https://github.com/rust-lang/crates.io-index"
checksum = "03a2a90da8c7523f554344f921aa97283eadf6ac484a6d2a7d0212fa7f8d6853"
dependencies = [
 "c2-chacha",
 "rand_core 0.5.1",
]

[[package]]
name = "rand_core"
version = "0.3.1"
source = "registry+https://github.com/rust-lang/crates.io-index"
checksum = "7a6fdeb83b075e8266dcc8762c22776f6877a63111121f5f8c7411e5be7eed4b"
dependencies = [
 "rand_core 0.4.2",
]

[[package]]
name = "rand_core"
version = "0.4.2"
source = "registry+https://github.com/rust-lang/crates.io-index"
checksum = "9c33a3c44ca05fa6f1807d8e6743f3824e8509beca625669633be0acbdf509dc"

[[package]]
name = "rand_core"
version = "0.5.1"
source = "registry+https://github.com/rust-lang/crates.io-index"
checksum = "90bde5296fc891b0cef12a6d03ddccc162ce7b2aff54160af9338f8d40df6d19"
dependencies = [
 "getrandom",
]

[[package]]
name = "rand_hc"
version = "0.1.0"
source = "registry+https://github.com/rust-lang/crates.io-index"
checksum = "7b40677c7be09ae76218dc623efbf7b18e34bced3f38883af07bb75630a21bc4"
dependencies = [
 "rand_core 0.3.1",
]

[[package]]
name = "rand_hc"
version = "0.2.0"
source = "registry+https://github.com/rust-lang/crates.io-index"
checksum = "ca3129af7b92a17112d59ad498c6f81eaf463253766b90396d39ea7a39d6613c"
dependencies = [
 "rand_core 0.5.1",
]

[[package]]
name = "rand_isaac"
version = "0.1.1"
source = "registry+https://github.com/rust-lang/crates.io-index"
checksum = "ded997c9d5f13925be2a6fd7e66bf1872597f759fd9dd93513dd7e92e5a5ee08"
dependencies = [
 "rand_core 0.3.1",
]

[[package]]
name = "rand_jitter"
version = "0.1.4"
source = "registry+https://github.com/rust-lang/crates.io-index"
checksum = "1166d5c91dc97b88d1decc3285bb0a99ed84b05cfd0bc2341bdf2d43fc41e39b"
dependencies = [
 "libc",
 "rand_core 0.4.2",
 "winapi",
]

[[package]]
name = "rand_os"
version = "0.1.3"
source = "registry+https://github.com/rust-lang/crates.io-index"
checksum = "7b75f676a1e053fc562eafbb47838d67c84801e38fc1ba459e8f180deabd5071"
dependencies = [
 "cloudabi",
 "fuchsia-cprng",
 "libc",
 "rand_core 0.4.2",
 "rdrand",
 "winapi",
]

[[package]]
name = "rand_pcg"
version = "0.1.2"
source = "registry+https://github.com/rust-lang/crates.io-index"
checksum = "abf9b09b01790cfe0364f52bf32995ea3c39f4d2dd011eac241d2914146d0b44"
dependencies = [
 "autocfg",
 "rand_core 0.4.2",
]

[[package]]
name = "rand_xorshift"
version = "0.1.1"
source = "registry+https://github.com/rust-lang/crates.io-index"
checksum = "cbf7e9e623549b0e21f6e97cf8ecf247c1a8fd2e8a992ae265314300b2455d5c"
dependencies = [
 "rand_core 0.3.1",
]

[[package]]
name = "rdrand"
version = "0.4.0"
source = "registry+https://github.com/rust-lang/crates.io-index"
checksum = "678054eb77286b51581ba43620cc911abf02758c91f93f479767aed0f90458b2"
dependencies = [
 "rand_core 0.3.1",
]

[[package]]
name = "redox_syscall"
version = "0.1.56"
source = "registry+https://github.com/rust-lang/crates.io-index"
checksum = "2439c63f3f6139d1b57529d16bc3b8bb855230c8efcc5d3a896c8bea7c3b1e84"

[[package]]
name = "regex"
version = "1.3.1"
source = "registry+https://github.com/rust-lang/crates.io-index"
checksum = "dc220bd33bdce8f093101afe22a037b8eb0e5af33592e6a9caafff0d4cb81cbd"
dependencies = [
 "aho-corasick",
 "memchr",
 "regex-syntax",
 "thread_local",
]

[[package]]
name = "regex-syntax"
version = "0.6.12"
source = "registry+https://github.com/rust-lang/crates.io-index"
checksum = "11a7e20d1cce64ef2fed88b66d347f88bd9babb82845b2b858f3edbf59a4f716"

[[package]]
name = "remove_dir_all"
version = "0.5.2"
source = "registry+https://github.com/rust-lang/crates.io-index"
checksum = "4a83fa3702a688b9359eccba92d153ac33fd2e8462f9e0e3fdf155239ea7792e"
dependencies = [
 "winapi",
]

[[package]]
name = "rle-decode-fast"
version = "1.0.1"
source = "registry+https://github.com/rust-lang/crates.io-index"
checksum = "cabe4fa914dec5870285fa7f71f602645da47c486e68486d2b4ceb4a343e90ac"

[[package]]
name = "rmp"
version = "0.8.7"
source = "registry+https://github.com/rust-lang/crates.io-index"
checksum = "a3d45d7afc9b132b34a2479648863aa95c5c88e98b32285326a6ebadc80ec5c9"
dependencies = [
 "byteorder 1.3.2",
 "num-traits 0.1.43",
]

[[package]]
name = "rmp-serde"
version = "0.13.7"
source = "registry+https://github.com/rust-lang/crates.io-index"
checksum = "011e1d58446e9fa3af7cdc1fb91295b10621d3ac4cb3a85cc86385ee9ca50cd3"
dependencies = [
 "byteorder 1.3.2",
 "rmp",
 "serde",
]

[[package]]
name = "rustc-demangle"
version = "0.1.16"
source = "registry+https://github.com/rust-lang/crates.io-index"
checksum = "4c691c0e608126e00913e33f0ccf3727d5fc84573623b8d65b2df340b5201783"

[[package]]
name = "ryu"
version = "1.0.0"
source = "registry+https://github.com/rust-lang/crates.io-index"
checksum = "c92464b447c0ee8c4fb3824ecc8383b81717b9f1e74ba2e72540aef7b9f82997"

[[package]]
name = "schnorr"
version = "0.0.4"
source = "registry+https://github.com/rust-lang/crates.io-index"
checksum = "9025a24c391f313f8db5948f4464162d340067f5425e1953fe3a3223bc891107"
dependencies = [
 "blake2",
 "clear_on_drop",
 "curve25519-dalek",
 "failure",
 "rand 0.6.5",
 "serde",
]

[[package]]
name = "serde"
version = "1.0.98"
source = "registry+https://github.com/rust-lang/crates.io-index"
checksum = "7fe5626ac617da2f2d9c48af5515a21d5a480dbd151e01bb1c355e26a3e68113"

[[package]]
name = "serde_derive"
version = "1.0.98"
source = "registry+https://github.com/rust-lang/crates.io-index"
checksum = "01e69e1b8a631f245467ee275b8c757b818653c6d704cdbcaeb56b56767b529c"
dependencies = [
 "proc-macro2",
 "quote",
 "syn",
]

[[package]]
name = "serde_json"
version = "1.0.40"
source = "registry+https://github.com/rust-lang/crates.io-index"
checksum = "051c49229f282f7c6f3813f8286cc1e3323e8051823fce42c7ea80fe13521704"
dependencies = [
 "itoa",
 "ryu",
 "serde",
]

[[package]]
name = "sha2"
version = "0.8.0"
source = "registry+https://github.com/rust-lang/crates.io-index"
checksum = "7b4d8bfd0e469f417657573d8451fb33d16cfe0989359b93baf3a1ffc639543d"
dependencies = [
 "block-buffer",
 "digest",
 "fake-simd",
 "opaque-debug",
]

[[package]]
name = "sha3"
version = "0.8.2"
source = "registry+https://github.com/rust-lang/crates.io-index"
checksum = "dd26bc0e7a2e3a7c959bc494caf58b72ee0c71d67704e9520f736ca7e4853ecf"
dependencies = [
 "block-buffer",
 "byte-tools",
 "digest",
 "keccak",
 "opaque-debug",
]

[[package]]
name = "sodiumoxide"
version = "0.2.4"
source = "registry+https://github.com/rust-lang/crates.io-index"
checksum = "1c99301d6d59f205d2abc4f0bd168edb5cd8a42bdbe99539773a21360d2a8ff7"
dependencies = [
 "libc",
 "libsodium-sys",
 "serde",
]

[[package]]
name = "spacesuit"
version = "0.1.0"
source = "git+https://github.com/interstellar/slingshot?branch=main#7eab7037037c47f9aa85ba69507a990da702b0cb"
dependencies = [
 "bulletproofs 1.0.4 (git+https://github.com/dalek-cryptography/bulletproofs?branch=develop)",
 "curve25519-dalek",
 "failure",
 "merlin",
 "rand 0.6.5",
 "subtle 2.1.1",
]

[[package]]
name = "stream-cipher"
version = "0.3.2"
source = "registry+https://github.com/rust-lang/crates.io-index"
checksum = "8131256a5896cabcf5eb04f4d6dacbe1aefda854b0d9896e09cb58829ec5638c"
dependencies = [
 "generic-array",
]

[[package]]
name = "subtle"
version = "1.0.0"
source = "registry+https://github.com/rust-lang/crates.io-index"
checksum = "2d67a5a62ba6e01cb2192ff309324cb4875d0c451d55fe2319433abe7a05a8ee"

[[package]]
name = "subtle"
version = "2.1.1"
source = "registry+https://github.com/rust-lang/crates.io-index"
checksum = "01f40907d9ffc762709e4ff3eb4a6f6b41b650375a3f09ac92b641942b7fb082"

[[package]]
name = "syn"
version = "0.15.44"
source = "registry+https://github.com/rust-lang/crates.io-index"
checksum = "9ca4b3b69a77cbe1ffc9e198781b7acb0c7365a883670e8f1c1bc66fba79a5c5"
dependencies = [
 "proc-macro2",
 "quote",
 "unicode-xid",
]

[[package]]
name = "synstructure"
version = "0.10.2"
source = "registry+https://github.com/rust-lang/crates.io-index"
checksum = "02353edf96d6e4dc81aea2d8490a7e9db177bf8acb0e951c24940bf866cb313f"
dependencies = [
 "proc-macro2",
 "quote",
 "syn",
 "unicode-xid",
]

[[package]]
name = "take_mut"
version = "0.2.2"
source = "registry+https://github.com/rust-lang/crates.io-index"
checksum = "f764005d11ee5f36500a149ace24e00e3da98b0158b3e2d53a7495660d3f4d60"

[[package]]
name = "tar"
version = "0.4.26"
source = "registry+https://github.com/rust-lang/crates.io-index"
checksum = "b3196bfbffbba3e57481b6ea32249fbaf590396a52505a2615adbb79d9d826d3"
dependencies = [
 "filetime",
 "libc",
 "redox_syscall",
 "xattr",
]

[[package]]
name = "tempdir"
version = "0.3.7"
source = "registry+https://github.com/rust-lang/crates.io-index"
checksum = "15f2b5fb00ccdf689e0149d1b1b3c03fead81c2b37735d812fa8bddbbf41b6d8"
dependencies = [
 "rand 0.4.6",
 "remove_dir_all",
]

[[package]]
name = "tempfile"
version = "3.1.0"
source = "registry+https://github.com/rust-lang/crates.io-index"
checksum = "7a6e24d9338a0a5be79593e2fa15a648add6138caa803e2d5bc782c371732ca9"
dependencies = [
 "cfg-if",
 "libc",
 "rand 0.7.2",
 "redox_syscall",
 "remove_dir_all",
 "winapi",
]

[[package]]
name = "thread_local"
version = "0.3.6"
source = "registry+https://github.com/rust-lang/crates.io-index"
checksum = "c6b53e329000edc2b34dbe8545fd20e55a333362d0a321909685a19bd28c3f1b"
dependencies = [
 "lazy_static",
]

[[package]]
name = "time"
version = "0.1.42"
source = "registry+https://github.com/rust-lang/crates.io-index"
checksum = "db8dcfca086c1143c9270ac42a2bbd8a7ee477b78ac8e45b19abfb0cbede4b6f"
dependencies = [
 "libc",
 "redox_syscall",
 "winapi",
]

[[package]]
name = "txn_builder"
version = "0.1.0"
dependencies = [
 "ledger",
 "quickcheck",
 "quickcheck_macros",
 "rand 0.6.5",
 "rand_chacha 0.1.1",
 "serde",
 "serde_derive",
 "serde_json",
 "zei",
]

[[package]]
name = "typenum"
version = "1.10.0"
source = "registry+https://github.com/rust-lang/crates.io-index"
checksum = "612d636f949607bdf9b123b4a6f6d966dedf3ff669f7f045890d3a4a73948169"

[[package]]
name = "unicode-xid"
version = "0.1.0"
source = "registry+https://github.com/rust-lang/crates.io-index"
checksum = "fc72304796d0818e357ead4e000d19c9c174ab23dc11093ac919054d20a6a7fc"

[[package]]
name = "vcpkg"
version = "0.2.7"
source = "registry+https://github.com/rust-lang/crates.io-index"
checksum = "33dd455d0f96e90a75803cfeb7f948768c08d70a6de9a8d2362461935698bf95"

[[package]]
name = "wasi"
version = "0.7.0"
source = "registry+https://github.com/rust-lang/crates.io-index"
checksum = "b89c3ce4ce14bdc6fb6beaf9ec7928ca331de5df7e5ea278375642a2f478570d"

[[package]]
name = "winapi"
version = "0.3.7"
source = "registry+https://github.com/rust-lang/crates.io-index"
checksum = "f10e386af2b13e47c89e7236a7a14a086791a2b88ebad6df9bf42040195cf770"
dependencies = [
 "winapi-i686-pc-windows-gnu",
 "winapi-x86_64-pc-windows-gnu",
]

[[package]]
name = "winapi-i686-pc-windows-gnu"
version = "0.4.0"
source = "registry+https://github.com/rust-lang/crates.io-index"
checksum = "ac3b87c63620426dd9b991e5ce0329eff545bccbbb34f3be09ff6fb6ab51b7b6"

[[package]]
name = "winapi-x86_64-pc-windows-gnu"
version = "0.4.0"
source = "registry+https://github.com/rust-lang/crates.io-index"
checksum = "712e227841d057c1ee1cd2fb22fa7e5a5461ae8e48fa2ca79ec42cfc1931183f"

[[package]]
name = "xattr"
version = "0.2.2"
source = "registry+https://github.com/rust-lang/crates.io-index"
checksum = "244c3741f4240ef46274860397c7c74e50eb23624996930e484c16679633a54c"
dependencies = [
 "libc",
]

[[package]]
name = "zei"
version = "0.0.1"
source = "git+ssh://git@github.com/findoraorg/zei#3bed9077ec2e972210328ae4eae8376f0d4a765f"
dependencies = [
 "aes-ctr",
 "base64",
 "bincode",
 "bn",
 "bulletproofs 1.0.4 (git+https://github.com/dalek-cryptography/bulletproofs?branch=develop)",
 "bulletproofs 1.0.4 (registry+https://github.com/rust-lang/crates.io-index)",
 "curve25519-dalek",
 "digest",
 "ed25519-dalek",
 "itertools",
 "linear-map",
 "merlin",
 "num-bigint",
 "num-traits 0.2.8",
 "pairing",
 "rand 0.4.6",
 "rand 0.6.5",
 "rand_chacha 0.1.1",
 "rmp-serde",
 "serde",
 "serde_derive",
 "serde_json",
 "sha2",
 "spacesuit",
]
